{
  "nodes": {
    "awesome-config": {
      "flake": false,
      "locked": {
        "lastModified": 1744818613,
        "narHash": "sha256-6RsGMdNAcW9dfWSEQpr1u+7Ui68lHg59mD30WOZXjUk=",
        "ref": "refs/heads/master",
        "rev": "fe11def02fef02757e394b9bfc35cb9fe599b2d9",
        "revCount": 7,
        "submodules": true,
        "type": "git",
        "url": "file:./files/.config/awesome"
      },
      "original": {
        "submodules": true,
        "type": "git",
        "url": "file:./files/.config/awesome"
      }
    },
    "home-manager": {
      "inputs": {
        "nixpkgs": [
          "nixpkgs"
        ]
      },
      "locked": {
        "lastModified": 1745335336,
        "narHash": "sha256-T/h5/oa9xsggWV1LfwTWfpRGuKdtS9xM0WIgq/dYptM=",
        "owner": "nix-community",
        "repo": "home-manager",
        "rev": "342b3e3e6df239dc972372e6a641acf052ff74aa",
        "type": "github"
      },
      "original": {
        "owner": "nix-community",
        "repo": "home-manager",
        "type": "github"
      }
    },
    "nixpkgs": {
      "locked": {
        "lastModified": 1744932701,
        "narHash": "sha256-fusHbZCyv126cyArUwwKrLdCkgVAIaa/fQJYFlCEqiU=",
        "owner": "nixos",
        "repo": "nixpkgs",
        "rev": "b024ced1aac25639f8ca8fdfc2f8c4fbd66c48ef",
        "type": "github"
      },
      "original": {
        "owner": "nixos",
        "ref": "nixos-unstable",
        "repo": "nixpkgs",
        "type": "github"
      }
    },
    "nvim-config": {
      "flake": false,
      "locked": {
        "lastModified": 1744691171,
        "narHash": "sha256-9ovKmsbtW8v3QzBO4d3M8nHwyJwpPGSADuuftMKtW0o=",
        "ref": "refs/heads/main",
        "rev": "4b58b4d665ca085793b582851ef0795f8d0d9b47",
        "revCount": 27,
        "type": "git",
        "url": "file:./files/.config/nvim"
      },
      "original": {
        "type": "git",
        "url": "file:./files/.config/nvim"
      }
    },
    "root": {
      "inputs": {
        "awesome-config": "awesome-config",
        "home-manager": "home-manager",
        "nixpkgs": "nixpkgs",
        "nvim-config": "nvim-config"
      }
    }
  },
  "root": "root",
  "version": 7
}
